// !$*UTF8*$!
{
	archiveVersion = 1;
	classes = {
	};
	objectVersion = 50;
	objects = {

/* Begin PBXBuildFile section */
		2C5F3A7227F59ABA00B70612 /* KrakenCore.framework in Frameworks */ = {isa = PBXBuildFile; fileRef = 2C5F3A7127F59ABA00B70612 /* KrakenCore.framework */; };
		2C5F3A7327F59ABA00B70612 /* KrakenCore.framework in Embed Frameworks */ = {isa = PBXBuildFile; fileRef = 2C5F3A7127F59ABA00B70612 /* KrakenCore.framework */; settings = {ATTRIBUTES = (CodeSignOnCopy, RemoveHeadersOnCopy, ); }; };
		2CA5F43427C65B5A006FE382 /* AppDelegate.swift in Sources */ = {isa = PBXBuildFile; fileRef = 2CA5F43327C65B5A006FE382 /* AppDelegate.swift */; };
		2CA5F43627C65B5A006FE382 /* SceneDelegate.swift in Sources */ = {isa = PBXBuildFile; fileRef = 2CA5F43527C65B5A006FE382 /* SceneDelegate.swift */; };
		2CA5F43B27C65B5A006FE382 /* Main.storyboard in Resources */ = {isa = PBXBuildFile; fileRef = 2CA5F43927C65B5A006FE382 /* Main.storyboard */; };
		2CA5F43D27C65B5B006FE382 /* Assets.xcassets in Resources */ = {isa = PBXBuildFile; fileRef = 2CA5F43C27C65B5B006FE382 /* Assets.xcassets */; };
		2CA5F44027C65B5B006FE382 /* LaunchScreen.storyboard in Resources */ = {isa = PBXBuildFile; fileRef = 2CA5F43E27C65B5B006FE382 /* LaunchScreen.storyboard */; };
		2CA5F44B27C65B5B006FE382 /* KrakenTests.swift in Sources */ = {isa = PBXBuildFile; fileRef = 2CA5F44A27C65B5B006FE382 /* KrakenTests.swift */; };
		2CA5F45627C65B5B006FE382 /* KrakenUITests.swift in Sources */ = {isa = PBXBuildFile; fileRef = 2CA5F45527C65B5B006FE382 /* KrakenUITests.swift */; };
		2CA5F4A027C687BB006FE382 /* AssetsView.swift in Sources */ = {isa = PBXBuildFile; fileRef = 2CA5F49F27C687BB006FE382 /* AssetsView.swift */; };
		2CA5F4A427C68803006FE382 /* AssetsViewModel.swift in Sources */ = {isa = PBXBuildFile; fileRef = 2CA5F4A327C68803006FE382 /* AssetsViewModel.swift */; };
		2CA5F4B327C7C8F4006FE382 /* AssetCellView.swift in Sources */ = {isa = PBXBuildFile; fileRef = 2CA5F4B227C7C8F4006FE382 /* AssetCellView.swift */; };
		2CA5F4B527C7C902006FE382 /* AssetCellViewModel.swift in Sources */ = {isa = PBXBuildFile; fileRef = 2CA5F4B427C7C902006FE382 /* AssetCellViewModel.swift */; };
		2CABADD427CE51AF00B50620 /* AssetDetailView.swift in Sources */ = {isa = PBXBuildFile; fileRef = 2CABADD327CE51AF00B50620 /* AssetDetailView.swift */; };
		2CABADDA27CF751E00B50620 /* AssetDetailViewModel.swift in Sources */ = {isa = PBXBuildFile; fileRef = 2CABADD927CF751E00B50620 /* AssetDetailViewModel.swift */; };
/* End PBXBuildFile section */

/* Begin PBXContainerItemProxy section */
		2CA5F44727C65B5B006FE382 /* PBXContainerItemProxy */ = {
			isa = PBXContainerItemProxy;
			containerPortal = 2CA5F42827C65B5A006FE382 /* Project object */;
			proxyType = 1;
			remoteGlobalIDString = 2CA5F42F27C65B5A006FE382;
			remoteInfo = Kraken;
		};
		2CA5F45227C65B5B006FE382 /* PBXContainerItemProxy */ = {
			isa = PBXContainerItemProxy;
			containerPortal = 2CA5F42827C65B5A006FE382 /* Project object */;
			proxyType = 1;
			remoteGlobalIDString = 2CA5F42F27C65B5A006FE382;
			remoteInfo = Kraken;
		};
/* End PBXContainerItemProxy section */

/* Begin PBXCopyFilesBuildPhase section */
		2CA5F48D27C65BC8006FE382 /* Embed Frameworks */ = {
			isa = PBXCopyFilesBuildPhase;
			buildActionMask = 2147483647;
			dstPath = "";
			dstSubfolderSpec = 10;
			files = (
				2C5F3A7327F59ABA00B70612 /* KrakenCore.framework in Embed Frameworks */,
			);
			name = "Embed Frameworks";
			runOnlyForDeploymentPostprocessing = 0;
		};
/* End PBXCopyFilesBuildPhase section */

/* Begin PBXFileReference section */
		2C5F3A7127F59ABA00B70612 /* KrakenCore.framework */ = {isa = PBXFileReference; explicitFileType = wrapper.framework; path = KrakenCore.framework; sourceTree = BUILT_PRODUCTS_DIR; };
		2CA5F43027C65B5A006FE382 /* Kraken.app */ = {isa = PBXFileReference; explicitFileType = wrapper.application; includeInIndex = 0; path = Kraken.app; sourceTree = BUILT_PRODUCTS_DIR; };
		2CA5F43327C65B5A006FE382 /* AppDelegate.swift */ = {isa = PBXFileReference; lastKnownFileType = sourcecode.swift; path = AppDelegate.swift; sourceTree = "<group>"; };
		2CA5F43527C65B5A006FE382 /* SceneDelegate.swift */ = {isa = PBXFileReference; lastKnownFileType = sourcecode.swift; path = SceneDelegate.swift; sourceTree = "<group>"; };
		2CA5F43A27C65B5A006FE382 /* Base */ = {isa = PBXFileReference; lastKnownFileType = file.storyboard; name = Base; path = Base.lproj/Main.storyboard; sourceTree = "<group>"; };
		2CA5F43C27C65B5B006FE382 /* Assets.xcassets */ = {isa = PBXFileReference; lastKnownFileType = folder.assetcatalog; path = Assets.xcassets; sourceTree = "<group>"; };
		2CA5F43F27C65B5B006FE382 /* Base */ = {isa = PBXFileReference; lastKnownFileType = file.storyboard; name = Base; path = Base.lproj/LaunchScreen.storyboard; sourceTree = "<group>"; };
		2CA5F44127C65B5B006FE382 /* Info.plist */ = {isa = PBXFileReference; lastKnownFileType = text.plist.xml; path = Info.plist; sourceTree = "<group>"; };
		2CA5F44627C65B5B006FE382 /* KrakenTests.xctest */ = {isa = PBXFileReference; explicitFileType = wrapper.cfbundle; includeInIndex = 0; path = KrakenTests.xctest; sourceTree = BUILT_PRODUCTS_DIR; };
		2CA5F44A27C65B5B006FE382 /* KrakenTests.swift */ = {isa = PBXFileReference; lastKnownFileType = sourcecode.swift; path = KrakenTests.swift; sourceTree = "<group>"; };
		2CA5F44C27C65B5B006FE382 /* Info.plist */ = {isa = PBXFileReference; lastKnownFileType = text.plist.xml; path = Info.plist; sourceTree = "<group>"; };
		2CA5F45127C65B5B006FE382 /* KrakenUITests.xctest */ = {isa = PBXFileReference; explicitFileType = wrapper.cfbundle; includeInIndex = 0; path = KrakenUITests.xctest; sourceTree = BUILT_PRODUCTS_DIR; };
		2CA5F45527C65B5B006FE382 /* KrakenUITests.swift */ = {isa = PBXFileReference; lastKnownFileType = sourcecode.swift; path = KrakenUITests.swift; sourceTree = "<group>"; };
		2CA5F45727C65B5B006FE382 /* Info.plist */ = {isa = PBXFileReference; lastKnownFileType = text.plist.xml; path = Info.plist; sourceTree = "<group>"; };
		2CA5F49F27C687BB006FE382 /* AssetsView.swift */ = {isa = PBXFileReference; lastKnownFileType = sourcecode.swift; path = AssetsView.swift; sourceTree = "<group>"; };
		2CA5F4A327C68803006FE382 /* AssetsViewModel.swift */ = {isa = PBXFileReference; lastKnownFileType = sourcecode.swift; path = AssetsViewModel.swift; sourceTree = "<group>"; };
		2CA5F4B227C7C8F4006FE382 /* AssetCellView.swift */ = {isa = PBXFileReference; lastKnownFileType = sourcecode.swift; path = AssetCellView.swift; sourceTree = "<group>"; };
		2CA5F4B427C7C902006FE382 /* AssetCellViewModel.swift */ = {isa = PBXFileReference; lastKnownFileType = sourcecode.swift; path = AssetCellViewModel.swift; sourceTree = "<group>"; };
		2CABADD327CE51AF00B50620 /* AssetDetailView.swift */ = {isa = PBXFileReference; lastKnownFileType = sourcecode.swift; path = AssetDetailView.swift; sourceTree = "<group>"; };
		2CABADD927CF751E00B50620 /* AssetDetailViewModel.swift */ = {isa = PBXFileReference; lastKnownFileType = sourcecode.swift; path = AssetDetailViewModel.swift; sourceTree = "<group>"; };
/* End PBXFileReference section */

/* Begin PBXFrameworksBuildPhase section */
		2CA5F42D27C65B5A006FE382 /* Frameworks */ = {
			isa = PBXFrameworksBuildPhase;
			buildActionMask = 2147483647;
			files = (
				2C5F3A7227F59ABA00B70612 /* KrakenCore.framework in Frameworks */,
			);
			runOnlyForDeploymentPostprocessing = 0;
		};
		2CA5F44327C65B5B006FE382 /* Frameworks */ = {
			isa = PBXFrameworksBuildPhase;
			buildActionMask = 2147483647;
			files = (
			);
			runOnlyForDeploymentPostprocessing = 0;
		};
		2CA5F44E27C65B5B006FE382 /* Frameworks */ = {
			isa = PBXFrameworksBuildPhase;
			buildActionMask = 2147483647;
			files = (
			);
			runOnlyForDeploymentPostprocessing = 0;
		};
/* End PBXFrameworksBuildPhase section */

/* Begin PBXGroup section */
		2CA5F42727C65B5A006FE382 = {
			isa = PBXGroup;
			children = (
				2CA5F43227C65B5A006FE382 /* Kraken */,
				2CA5F44927C65B5B006FE382 /* KrakenTests */,
				2CA5F45427C65B5B006FE382 /* KrakenUITests */,
				2CA5F43127C65B5A006FE382 /* Products */,
				2CA5F48927C65BC8006FE382 /* Frameworks */,
			);
			sourceTree = "<group>";
		};
		2CA5F43127C65B5A006FE382 /* Products */ = {
			isa = PBXGroup;
			children = (
				2CA5F43027C65B5A006FE382 /* Kraken.app */,
				2CA5F44627C65B5B006FE382 /* KrakenTests.xctest */,
				2CA5F45127C65B5B006FE382 /* KrakenUITests.xctest */,
			);
			name = Products;
			sourceTree = "<group>";
		};
		2CA5F43227C65B5A006FE382 /* Kraken */ = {
			isa = PBXGroup;
			children = (
				2CA5F49A27C68728006FE382 /* UI */,
				2CA5F43327C65B5A006FE382 /* AppDelegate.swift */,
				2CA5F43527C65B5A006FE382 /* SceneDelegate.swift */,
				2CA5F43927C65B5A006FE382 /* Main.storyboard */,
				2CA5F43C27C65B5B006FE382 /* Assets.xcassets */,
				2CA5F43E27C65B5B006FE382 /* LaunchScreen.storyboard */,
				2CA5F44127C65B5B006FE382 /* Info.plist */,
			);
			path = Kraken;
			sourceTree = "<group>";
		};
		2CA5F44927C65B5B006FE382 /* KrakenTests */ = {
			isa = PBXGroup;
			children = (
				2CA5F44A27C65B5B006FE382 /* KrakenTests.swift */,
				2CA5F44C27C65B5B006FE382 /* Info.plist */,
			);
			path = KrakenTests;
			sourceTree = "<group>";
		};
		2CA5F45427C65B5B006FE382 /* KrakenUITests */ = {
			isa = PBXGroup;
			children = (
				2CA5F45527C65B5B006FE382 /* KrakenUITests.swift */,
				2CA5F45727C65B5B006FE382 /* Info.plist */,
			);
			path = KrakenUITests;
			sourceTree = "<group>";
		};
		2CA5F48927C65BC8006FE382 /* Frameworks */ = {
			isa = PBXGroup;
			children = (
				2C5F3A7127F59ABA00B70612 /* KrakenCore.framework */,
			);
			name = Frameworks;
			sourceTree = "<group>";
		};
		2CA5F49A27C68728006FE382 /* UI */ = {
			isa = PBXGroup;
			children = (
				2CA5F49F27C687BB006FE382 /* AssetsView.swift */,
				2CA5F4A327C68803006FE382 /* AssetsViewModel.swift */,
				2CA5F4B227C7C8F4006FE382 /* AssetCellView.swift */,
				2CA5F4B427C7C902006FE382 /* AssetCellViewModel.swift */,
				2CABADD327CE51AF00B50620 /* AssetDetailView.swift */,
				2CABADD927CF751E00B50620 /* AssetDetailViewModel.swift */,
			);
			path = UI;
			sourceTree = "<group>";
		};
/* End PBXGroup section */

/* Begin PBXNativeTarget section */
		2CA5F42F27C65B5A006FE382 /* Kraken */ = {
			isa = PBXNativeTarget;
			buildConfigurationList = 2CA5F45A27C65B5B006FE382 /* Build configuration list for PBXNativeTarget "Kraken" */;
			buildPhases = (
				2CA5F42C27C65B5A006FE382 /* Sources */,
				2CA5F42D27C65B5A006FE382 /* Frameworks */,
				2CA5F42E27C65B5A006FE382 /* Resources */,
				2CA5F48D27C65BC8006FE382 /* Embed Frameworks */,
			);
			buildRules = (
			);
			dependencies = (
			);
			name = Kraken;
			productName = Kraken;
			productReference = 2CA5F43027C65B5A006FE382 /* Kraken.app */;
			productType = "com.apple.product-type.application";
		};
		2CA5F44527C65B5B006FE382 /* KrakenTests */ = {
			isa = PBXNativeTarget;
			buildConfigurationList = 2CA5F45D27C65B5B006FE382 /* Build configuration list for PBXNativeTarget "KrakenTests" */;
			buildPhases = (
				2CA5F44227C65B5B006FE382 /* Sources */,
				2CA5F44327C65B5B006FE382 /* Frameworks */,
				2CA5F44427C65B5B006FE382 /* Resources */,
			);
			buildRules = (
			);
			dependencies = (
				2CA5F44827C65B5B006FE382 /* PBXTargetDependency */,
			);
			name = KrakenTests;
			productName = KrakenTests;
			productReference = 2CA5F44627C65B5B006FE382 /* KrakenTests.xctest */;
			productType = "com.apple.product-type.bundle.unit-test";
		};
		2CA5F45027C65B5B006FE382 /* KrakenUITests */ = {
			isa = PBXNativeTarget;
			buildConfigurationList = 2CA5F46027C65B5B006FE382 /* Build configuration list for PBXNativeTarget "KrakenUITests" */;
			buildPhases = (
				2CA5F44D27C65B5B006FE382 /* Sources */,
				2CA5F44E27C65B5B006FE382 /* Frameworks */,
				2CA5F44F27C65B5B006FE382 /* Resources */,
			);
			buildRules = (
			);
			dependencies = (
				2CA5F45327C65B5B006FE382 /* PBXTargetDependency */,
			);
			name = KrakenUITests;
			productName = KrakenUITests;
			productReference = 2CA5F45127C65B5B006FE382 /* KrakenUITests.xctest */;
			productType = "com.apple.product-type.bundle.ui-testing";
		};
/* End PBXNativeTarget section */

/* Begin PBXProject section */
		2CA5F42827C65B5A006FE382 /* Project object */ = {
			isa = PBXProject;
			attributes = {
				LastSwiftUpdateCheck = 1250;
				LastUpgradeCheck = 1250;
				TargetAttributes = {
					2CA5F42F27C65B5A006FE382 = {
						CreatedOnToolsVersion = 12.5.1;
					};
					2CA5F44527C65B5B006FE382 = {
						CreatedOnToolsVersion = 12.5.1;
						TestTargetID = 2CA5F42F27C65B5A006FE382;
					};
					2CA5F45027C65B5B006FE382 = {
						CreatedOnToolsVersion = 12.5.1;
						TestTargetID = 2CA5F42F27C65B5A006FE382;
					};
				};
			};
			buildConfigurationList = 2CA5F42B27C65B5A006FE382 /* Build configuration list for PBXProject "Kraken" */;
			compatibilityVersion = "Xcode 9.3";
			developmentRegion = en;
			hasScannedForEncodings = 0;
			knownRegions = (
				en,
				Base,
			);
			mainGroup = 2CA5F42727C65B5A006FE382;
			packageReferences = (
			);
			productRefGroup = 2CA5F43127C65B5A006FE382 /* Products */;
			projectDirPath = "";
			projectRoot = "";
			targets = (
				2CA5F42F27C65B5A006FE382 /* Kraken */,
				2CA5F44527C65B5B006FE382 /* KrakenTests */,
				2CA5F45027C65B5B006FE382 /* KrakenUITests */,
			);
		};
/* End PBXProject section */

/* Begin PBXResourcesBuildPhase section */
		2CA5F42E27C65B5A006FE382 /* Resources */ = {
			isa = PBXResourcesBuildPhase;
			buildActionMask = 2147483647;
			files = (
				2CA5F44027C65B5B006FE382 /* LaunchScreen.storyboard in Resources */,
				2CA5F43D27C65B5B006FE382 /* Assets.xcassets in Resources */,
				2CA5F43B27C65B5A006FE382 /* Main.storyboard in Resources */,
			);
			runOnlyForDeploymentPostprocessing = 0;
		};
		2CA5F44427C65B5B006FE382 /* Resources */ = {
			isa = PBXResourcesBuildPhase;
			buildActionMask = 2147483647;
			files = (
			);
			runOnlyForDeploymentPostprocessing = 0;
		};
		2CA5F44F27C65B5B006FE382 /* Resources */ = {
			isa = PBXResourcesBuildPhase;
			buildActionMask = 2147483647;
			files = (
			);
			runOnlyForDeploymentPostprocessing = 0;
		};
/* End PBXResourcesBuildPhase section */

/* Begin PBXSourcesBuildPhase section */
		2CA5F42C27C65B5A006FE382 /* Sources */ = {
			isa = PBXSourcesBuildPhase;
			buildActionMask = 2147483647;
			files = (
				2CA5F4B327C7C8F4006FE382 /* AssetCellView.swift in Sources */,
				2CA5F4A027C687BB006FE382 /* AssetsView.swift in Sources */,
				2CA5F43427C65B5A006FE382 /* AppDelegate.swift in Sources */,
				2CA5F4A427C68803006FE382 /* AssetsViewModel.swift in Sources */,
				2CA5F43627C65B5A006FE382 /* SceneDelegate.swift in Sources */,
				2CA5F4B527C7C902006FE382 /* AssetCellViewModel.swift in Sources */,
				2CABADDA27CF751E00B50620 /* AssetDetailViewModel.swift in Sources */,
				2CABADD427CE51AF00B50620 /* AssetDetailView.swift in Sources */,
			);
			runOnlyForDeploymentPostprocessing = 0;
		};
		2CA5F44227C65B5B006FE382 /* Sources */ = {
			isa = PBXSourcesBuildPhase;
			buildActionMask = 2147483647;
			files = (
				2CA5F44B27C65B5B006FE382 /* KrakenTests.swift in Sources */,
			);
			runOnlyForDeploymentPostprocessing = 0;
		};
		2CA5F44D27C65B5B006FE382 /* Sources */ = {
			isa = PBXSourcesBuildPhase;
			buildActionMask = 2147483647;
			files = (
				2CA5F45627C65B5B006FE382 /* KrakenUITests.swift in Sources */,
			);
			runOnlyForDeploymentPostprocessing = 0;
		};
/* End PBXSourcesBuildPhase section */

/* Begin PBXTargetDependency section */
		2CA5F44827C65B5B006FE382 /* PBXTargetDependency */ = {
			isa = PBXTargetDependency;
			target = 2CA5F42F27C65B5A006FE382 /* Kraken */;
			targetProxy = 2CA5F44727C65B5B006FE382 /* PBXContainerItemProxy */;
		};
		2CA5F45327C65B5B006FE382 /* PBXTargetDependency */ = {
			isa = PBXTargetDependency;
			target = 2CA5F42F27C65B5A006FE382 /* Kraken */;
			targetProxy = 2CA5F45227C65B5B006FE382 /* PBXContainerItemProxy */;
		};
/* End PBXTargetDependency section */

/* Begin PBXVariantGroup section */
		2CA5F43927C65B5A006FE382 /* Main.storyboard */ = {
			isa = PBXVariantGroup;
			children = (
				2CA5F43A27C65B5A006FE382 /* Base */,
			);
			name = Main.storyboard;
			sourceTree = "<group>";
		};
		2CA5F43E27C65B5B006FE382 /* LaunchScreen.storyboard */ = {
			isa = PBXVariantGroup;
			children = (
				2CA5F43F27C65B5B006FE382 /* Base */,
			);
			name = LaunchScreen.storyboard;
			sourceTree = "<group>";
		};
/* End PBXVariantGroup section */

/* Begin XCBuildConfiguration section */
		2CA5F45827C65B5B006FE382 /* Debug */ = {
			isa = XCBuildConfiguration;
			buildSettings = {
				ALWAYS_SEARCH_USER_PATHS = NO;
				CLANG_ANALYZER_NONNULL = YES;
				CLANG_ANALYZER_NUMBER_OBJECT_CONVERSION = YES_AGGRESSIVE;
				CLANG_CXX_LANGUAGE_STANDARD = "gnu++14";
				CLANG_CXX_LIBRARY = "libc++";
				CLANG_ENABLE_MODULES = YES;
				CLANG_ENABLE_OBJC_ARC = YES;
				CLANG_ENABLE_OBJC_WEAK = YES;
				CLANG_WARN_BLOCK_CAPTURE_AUTORELEASING = YES;
				CLANG_WARN_BOOL_CONVERSION = YES;
				CLANG_WARN_COMMA = YES;
				CLANG_WARN_CONSTANT_CONVERSION = YES;
				CLANG_WARN_DEPRECATED_OBJC_IMPLEMENTATIONS = YES;
				CLANG_WARN_DIRECT_OBJC_ISA_USAGE = YES_ERROR;
				CLANG_WARN_DOCUMENTATION_COMMENTS = YES;
				CLANG_WARN_EMPTY_BODY = YES;
				CLANG_WARN_ENUM_CONVERSION = YES;
				CLANG_WARN_INFINITE_RECURSION = YES;
				CLANG_WARN_INT_CONVERSION = YES;
				CLANG_WARN_NON_LITERAL_NULL_CONVERSION = YES;
				CLANG_WARN_OBJC_IMPLICIT_RETAIN_SELF = YES;
				CLANG_WARN_OBJC_LITERAL_CONVERSION = YES;
				CLANG_WARN_OBJC_ROOT_CLASS = YES_ERROR;
				CLANG_WARN_QUOTED_INCLUDE_IN_FRAMEWORK_HEADER = YES;
				CLANG_WARN_RANGE_LOOP_ANALYSIS = YES;
				CLANG_WARN_STRICT_PROTOTYPES = YES;
				CLANG_WARN_SUSPICIOUS_MOVE = YES;
				CLANG_WARN_UNGUARDED_AVAILABILITY = YES_AGGRESSIVE;
				CLANG_WARN_UNREACHABLE_CODE = YES;
				CLANG_WARN__DUPLICATE_METHOD_MATCH = YES;
				COPY_PHASE_STRIP = NO;
				DEBUG_INFORMATION_FORMAT = dwarf;
				ENABLE_STRICT_OBJC_MSGSEND = YES;
				ENABLE_TESTABILITY = YES;
				GCC_C_LANGUAGE_STANDARD = gnu11;
				GCC_DYNAMIC_NO_PIC = NO;
				GCC_NO_COMMON_BLOCKS = YES;
				GCC_OPTIMIZATION_LEVEL = 0;
				GCC_PREPROCESSOR_DEFINITIONS = (
					"DEBUG=1",
					"$(inherited)",
				);
				GCC_WARN_64_TO_32_BIT_CONVERSION = YES;
				GCC_WARN_ABOUT_RETURN_TYPE = YES_ERROR;
				GCC_WARN_UNDECLARED_SELECTOR = YES;
				GCC_WARN_UNINITIALIZED_AUTOS = YES_AGGRESSIVE;
				GCC_WARN_UNUSED_FUNCTION = YES;
				GCC_WARN_UNUSED_VARIABLE = YES;
				IPHONEOS_DEPLOYMENT_TARGET = 14.5;
				MTL_ENABLE_DEBUG_INFO = INCLUDE_SOURCE;
				MTL_FAST_MATH = YES;
				ONLY_ACTIVE_ARCH = YES;
				SDKROOT = iphoneos;
				SWIFT_ACTIVE_COMPILATION_CONDITIONS = DEBUG;
				SWIFT_OPTIMIZATION_LEVEL = "-Onone";
			};
			name = Debug;
		};
		2CA5F45927C65B5B006FE382 /* Release */ = {
			isa = XCBuildConfiguration;
			buildSettings = {
				ALWAYS_SEARCH_USER_PATHS = NO;
				CLANG_ANALYZER_NONNULL = YES;
				CLANG_ANALYZER_NUMBER_OBJECT_CONVERSION = YES_AGGRESSIVE;
				CLANG_CXX_LANGUAGE_STANDARD = "gnu++14";
				CLANG_CXX_LIBRARY = "libc++";
				CLANG_ENABLE_MODULES = YES;
				CLANG_ENABLE_OBJC_ARC = YES;
				CLANG_ENABLE_OBJC_WEAK = YES;
				CLANG_WARN_BLOCK_CAPTURE_AUTORELEASING = YES;
				CLANG_WARN_BOOL_CONVERSION = YES;
				CLANG_WARN_COMMA = YES;
				CLANG_WARN_CONSTANT_CONVERSION = YES;
				CLANG_WARN_DEPRECATED_OBJC_IMPLEMENTATIONS = YES;
				CLANG_WARN_DIRECT_OBJC_ISA_USAGE = YES_ERROR;
				CLANG_WARN_DOCUMENTATION_COMMENTS = YES;
				CLANG_WARN_EMPTY_BODY = YES;
				CLANG_WARN_ENUM_CONVERSION = YES;
				CLANG_WARN_INFINITE_RECURSION = YES;
				CLANG_WARN_INT_CONVERSION = YES;
				CLANG_WARN_NON_LITERAL_NULL_CONVERSION = YES;
				CLANG_WARN_OBJC_IMPLICIT_RETAIN_SELF = YES;
				CLANG_WARN_OBJC_LITERAL_CONVERSION = YES;
				CLANG_WARN_OBJC_ROOT_CLASS = YES_ERROR;
				CLANG_WARN_QUOTED_INCLUDE_IN_FRAMEWORK_HEADER = YES;
				CLANG_WARN_RANGE_LOOP_ANALYSIS = YES;
				CLANG_WARN_STRICT_PROTOTYPES = YES;
				CLANG_WARN_SUSPICIOUS_MOVE = YES;
				CLANG_WARN_UNGUARDED_AVAILABILITY = YES_AGGRESSIVE;
				CLANG_WARN_UNREACHABLE_CODE = YES;
				CLANG_WARN__DUPLICATE_METHOD_MATCH = YES;
				COPY_PHASE_STRIP = NO;
				DEBUG_INFORMATION_FORMAT = "dwarf-with-dsym";
				ENABLE_NS_ASSERTIONS = NO;
				ENABLE_STRICT_OBJC_MSGSEND = YES;
				GCC_C_LANGUAGE_STANDARD = gnu11;
				GCC_NO_COMMON_BLOCKS = YES;
				GCC_WARN_64_TO_32_BIT_CONVERSION = YES;
				GCC_WARN_ABOUT_RETURN_TYPE = YES_ERROR;
				GCC_WARN_UNDECLARED_SELECTOR = YES;
				GCC_WARN_UNINITIALIZED_AUTOS = YES_AGGRESSIVE;
				GCC_WARN_UNUSED_FUNCTION = YES;
				GCC_WARN_UNUSED_VARIABLE = YES;
				IPHONEOS_DEPLOYMENT_TARGET = 14.5;
				MTL_ENABLE_DEBUG_INFO = NO;
				MTL_FAST_MATH = YES;
				SDKROOT = iphoneos;
				SWIFT_COMPILATION_MODE = wholemodule;
				SWIFT_OPTIMIZATION_LEVEL = "-O";
				VALIDATE_PRODUCT = YES;
			};
			name = Release;
		};
		2CA5F45B27C65B5B006FE382 /* Debug */ = {
			isa = XCBuildConfiguration;
			buildSettings = {
				ASSETCATALOG_COMPILER_APPICON_NAME = AppIcon;
				ASSETCATALOG_COMPILER_GLOBAL_ACCENT_COLOR_NAME = AccentColor;
				CODE_SIGN_STYLE = Automatic;
				DEVELOPMENT_TEAM = ZE6G5VZ7DJ;
				INFOPLIST_FILE = Kraken/Info.plist;
				IPHONEOS_DEPLOYMENT_TARGET = 15.0;
				LD_RUNPATH_SEARCH_PATHS = (
					"$(inherited)",
					"@executable_path/Frameworks",
				);
				PRODUCT_BUNDLE_IDENTIFIER = meat.Kraken;
				PRODUCT_NAME = "$(TARGET_NAME)";
				SWIFT_VERSION = 5.0;
				TARGETED_DEVICE_FAMILY = "1,2";
			};
			name = Debug;
		};
		2CA5F45C27C65B5B006FE382 /* Release */ = {
			isa = XCBuildConfiguration;
			buildSettings = {
				ASSETCATALOG_COMPILER_APPICON_NAME = AppIcon;
				ASSETCATALOG_COMPILER_GLOBAL_ACCENT_COLOR_NAME = AccentColor;
				CODE_SIGN_STYLE = Automatic;
				DEVELOPMENT_TEAM = ZE6G5VZ7DJ;
				INFOPLIST_FILE = Kraken/Info.plist;
				IPHONEOS_DEPLOYMENT_TARGET = 15.0;
				LD_RUNPATH_SEARCH_PATHS = (
					"$(inherited)",
					"@executable_path/Frameworks",
				);
				PRODUCT_BUNDLE_IDENTIFIER = meat.Kraken;
				PRODUCT_NAME = "$(TARGET_NAME)";
				SWIFT_VERSION = 5.0;
				TARGETED_DEVICE_FAMILY = "1,2";
			};
			name = Release;
		};
		2CA5F45E27C65B5B006FE382 /* Debug */ = {
			isa = XCBuildConfiguration;
			buildSettings = {
				ALWAYS_EMBED_SWIFT_STANDARD_LIBRARIES = YES;
				BUNDLE_LOADER = "$(TEST_HOST)";
				CODE_SIGN_STYLE = Automatic;
				DEVELOPMENT_TEAM = ZE6G5VZ7DJ;
				INFOPLIST_FILE = KrakenTests/Info.plist;
				IPHONEOS_DEPLOYMENT_TARGET = 14.5;
				LD_RUNPATH_SEARCH_PATHS = (
					"$(inherited)",
					"@executable_path/Frameworks",
					"@loader_path/Frameworks",
				);
				PRODUCT_BUNDLE_IDENTIFIER = meat.KrakenTests;
				PRODUCT_NAME = "$(TARGET_NAME)";
				SWIFT_VERSION = 5.0;
				TARGETED_DEVICE_FAMILY = "1,2";
				TEST_HOST = "$(BUILT_PRODUCTS_DIR)/Kraken.app/Kraken";
			};
			name = Debug;
		};
		2CA5F45F27C65B5B006FE382 /* Release */ = {
			isa = XCBuildConfiguration;
			buildSettings = {
				ALWAYS_EMBED_SWIFT_STANDARD_LIBRARIES = YES;
				BUNDLE_LOADER = "$(TEST_HOST)";
				CODE_SIGN_STYLE = Automatic;
				DEVELOPMENT_TEAM = ZE6G5VZ7DJ;
				INFOPLIST_FILE = KrakenTests/Info.plist;
				IPHONEOS_DEPLOYMENT_TARGET = 14.5;
				LD_RUNPATH_SEARCH_PATHS = (
					"$(inherited)",
					"@executable_path/Frameworks",
					"@loader_path/Frameworks",
				);
				PRODUCT_BUNDLE_IDENTIFIER = meat.KrakenTests;
				PRODUCT_NAME = "$(TARGET_NAME)";
				SWIFT_VERSION = 5.0;
				TARGETED_DEVICE_FAMILY = "1,2";
				TEST_HOST = "$(BUILT_PRODUCTS_DIR)/Kraken.app/Kraken";
			};
			name = Release;
		};
		2CA5F46127C65B5B006FE382 /* Debug */ = {
			isa = XCBuildConfiguration;
			buildSettings = {
				ALWAYS_EMBED_SWIFT_STANDARD_LIBRARIES = YES;
				CODE_SIGN_STYLE = Automatic;
				DEVELOPMENT_TEAM = ZE6G5VZ7DJ;
				INFOPLIST_FILE = KrakenUITests/Info.plist;
				LD_RUNPATH_SEARCH_PATHS = (
					"$(inherited)",
					"@executable_path/Frameworks",
					"@loader_path/Frameworks",
				);
				PRODUCT_BUNDLE_IDENTIFIER = meat.KrakenUITests;
				PRODUCT_NAME = "$(TARGET_NAME)";
				SWIFT_VERSION = 5.0;
				TARGETED_DEVICE_FAMILY = "1,2";
				TEST_TARGET_NAME = Kraken;
			};
			name = Debug;
		};
		2CA5F46227C65B5B006FE382 /* Release */ = {
			isa = XCBuildConfiguration;
			buildSettings = {
				ALWAYS_EMBED_SWIFT_STANDARD_LIBRARIES = YES;
				CODE_SIGN_STYLE = Automatic;
				DEVELOPMENT_TEAM = ZE6G5VZ7DJ;
				INFOPLIST_FILE = KrakenUITests/Info.plist;
				LD_RUNPATH_SEARCH_PATHS = (
					"$(inherited)",
					"@executable_path/Frameworks",
					"@loader_path/Frameworks",
				);
				PRODUCT_BUNDLE_IDENTIFIER = meat.KrakenUITests;
				PRODUCT_NAME = "$(TARGET_NAME)";
				SWIFT_VERSION = 5.0;
				TARGETED_DEVICE_FAMILY = "1,2";
				TEST_TARGET_NAME = Kraken;
			};
			name = Release;
		};
/* End XCBuildConfiguration section */

/* Begin XCConfigurationList section */
		2CA5F42B27C65B5A006FE382 /* Build configuration list for PBXProject "Kraken" */ = {
			isa = XCConfigurationList;
			buildConfigurations = (
				2CA5F45827C65B5B006FE382 /* Debug */,
				2CA5F45927C65B5B006FE382 /* Release */,
			);
			defaultConfigurationIsVisible = 0;
			defaultConfigurationName = Release;
		};
		2CA5F45A27C65B5B006FE382 /* Build configuration list for PBXNativeTarget "Kraken" */ = {
			isa = XCConfigurationList;
			buildConfigurations = (
				2CA5F45B27C65B5B006FE382 /* Debug */,
				2CA5F45C27C65B5B006FE382 /* Release */,
			);
			defaultConfigurationIsVisible = 0;
			defaultConfigurationName = Release;
		};
		2CA5F45D27C65B5B006FE382 /* Build configuration list for PBXNativeTarget "KrakenTests" */ = {
			isa = XCConfigurationList;
			buildConfigurations = (
				2CA5F45E27C65B5B006FE382 /* Debug */,
				2CA5F45F27C65B5B006FE382 /* Release */,
			);
			defaultConfigurationIsVisible = 0;
			defaultConfigurationName = Release;
		};
		2CA5F46027C65B5B006FE382 /* Build configuration list for PBXNativeTarget "KrakenUITests" */ = {
			isa = XCConfigurationList;
			buildConfigurations = (
				2CA5F46127C65B5B006FE382 /* Debug */,
				2CA5F46227C65B5B006FE382 /* Release */,
			);
			defaultConfigurationIsVisible = 0;
			defaultConfigurationName = Release;
		};
/* End XCConfigurationList section */
	};
	rootObject = 2CA5F42827C65B5A006FE382 /* Project object */;
}
